// !$*UTF8*$!
{
	archiveVersion = 1;
	classes = {
	};
	objectVersion = 51;
	objects = {

/* Begin PBXBuildFile section */
		4A6CEB5081AB1E5A2834EF3D /* Pods_WorkoutTests.framework in Frameworks */ = {isa = PBXBuildFile; fileRef = 9C91FA5CF04E0FEEAEACA381 /* Pods_WorkoutTests.framework */; };
		53BCE476AE106799123ACBCB /* Pods_pitapatpumping.framework in Frameworks */ = {isa = PBXBuildFile; fileRef = 606BDC636E4F4677F3CB7C8C /* Pods_pitapatpumping.framework */; };
		D90B7DFE294A1C760003B3CA /* WorkoutNetworkConnecter.swift in Sources */ = {isa = PBXBuildFile; fileRef = D90B7DFD294A1C760003B3CA /* WorkoutNetworkConnecter.swift */; };
		D90B7E00294A1DC70003B3CA /* RoutineNetworkConnecter.swift in Sources */ = {isa = PBXBuildFile; fileRef = D90B7DFF294A1DC70003B3CA /* RoutineNetworkConnecter.swift */; };
		D9107C5627F030B800FABD37 /* DateInformation.swift in Sources */ = {isa = PBXBuildFile; fileRef = D9107C5527F030B800FABD37 /* DateInformation.swift */; };
		D9107C582810045200FABD37 /* WorkoutSelectionViewController.swift in Sources */ = {isa = PBXBuildFile; fileRef = D9107C572810045200FABD37 /* WorkoutSelectionViewController.swift */; };
		D9107C5D282CEC6600FABD37 /* WorkoutPlanCardTableViewCell.swift in Sources */ = {isa = PBXBuildFile; fileRef = D9107C5B282CEC6600FABD37 /* WorkoutPlanCardTableViewCell.swift */; };
		D9107C5E282CEC6600FABD37 /* WorkoutPlanCardTableViewCell.xib in Resources */ = {isa = PBXBuildFile; fileRef = D9107C5C282CEC6600FABD37 /* WorkoutPlanCardTableViewCell.xib */; };
		D9107C60282E593C00FABD37 /* MonthlyPageCollectionView.swift in Sources */ = {isa = PBXBuildFile; fileRef = D9107C5F282E593C00FABD37 /* MonthlyPageCollectionView.swift */; };
		D9107C622833741800FABD37 /* RoutineTableView.swift in Sources */ = {isa = PBXBuildFile; fileRef = D9107C612833741800FABD37 /* RoutineTableView.swift */; };
		D9107C642836151300FABD37 /* WorkoutSetConfigurationView.swift in Sources */ = {isa = PBXBuildFile; fileRef = D9107C632836151300FABD37 /* WorkoutSetConfigurationView.swift */; };
		D926672F27D1016F00A30366 /* MonthlyInformation.swift in Sources */ = {isa = PBXBuildFile; fileRef = D926672E27D1016F00A30366 /* MonthlyInformation.swift */; };
		D92D2412292B0BC400031670 /* SettingViewController.swift in Sources */ = {isa = PBXBuildFile; fileRef = D92D2411292B0BC400031670 /* SettingViewController.swift */; };
		D92D2417292B14D400031670 /* SettingTableViewCell.swift in Sources */ = {isa = PBXBuildFile; fileRef = D92D2415292B14D400031670 /* SettingTableViewCell.swift */; };
		D92D2418292B14D400031670 /* SettingTableViewCell.xib in Resources */ = {isa = PBXBuildFile; fileRef = D92D2416292B14D400031670 /* SettingTableViewCell.xib */; };
		D92D241A292CB67F00031670 /* SettingMenu.swift in Sources */ = {isa = PBXBuildFile; fileRef = D92D2419292CB67F00031670 /* SettingMenu.swift */; };
		D92D241C292E444A00031670 /* NetworkConfirmViewController.swift in Sources */ = {isa = PBXBuildFile; fileRef = D92D241B292E444A00031670 /* NetworkConfirmViewController.swift */; };
		D961A0542953422D00494B85 /* NetworkServiceInformation.swift in Sources */ = {isa = PBXBuildFile; fileRef = D961A0532953422D00494B85 /* NetworkServiceInformation.swift */; };
		D98569B0274CBAFB007E517A /* AppDelegate.swift in Sources */ = {isa = PBXBuildFile; fileRef = D98569AF274CBAFB007E517A /* AppDelegate.swift */; };
		D98569B4274CBAFB007E517A /* HomeViewController.swift in Sources */ = {isa = PBXBuildFile; fileRef = D98569B3274CBAFB007E517A /* HomeViewController.swift */; };
		D98569B9274CBAFE007E517A /* Assets.xcassets in Resources */ = {isa = PBXBuildFile; fileRef = D98569B8274CBAFE007E517A /* Assets.xcassets */; };
		D98569C7274CBAFE007E517A /* WorkoutTests.swift in Sources */ = {isa = PBXBuildFile; fileRef = D98569C6274CBAFE007E517A /* WorkoutTests.swift */; };
		D98569D2274CBAFE007E517A /* WorkoutUITests.swift in Sources */ = {isa = PBXBuildFile; fileRef = D98569D1274CBAFE007E517A /* WorkoutUITests.swift */; };
		D98569E2274CD162007E517A /* BaseTabBarController.swift in Sources */ = {isa = PBXBuildFile; fileRef = D98569E1274CD162007E517A /* BaseTabBarController.swift */; };
		D98569E4274D0299007E517A /* WorkoutListViewController.swift in Sources */ = {isa = PBXBuildFile; fileRef = D98569E3274D0299007E517A /* WorkoutListViewController.swift */; };
		D98569E8274D2A3D007E517A /* TabBarMenu.swift in Sources */ = {isa = PBXBuildFile; fileRef = D98569E7274D2A3D007E517A /* TabBarMenu.swift */; };
		D98569ED2758A1D7007E517A /* WorkoutSettingView.swift in Sources */ = {isa = PBXBuildFile; fileRef = D98569EC2758A1D7007E517A /* WorkoutSettingView.swift */; };
		D98569EF2758F669007E517A /* RoundedCornerLabelView.swift in Sources */ = {isa = PBXBuildFile; fileRef = D98569EE2758F669007E517A /* RoundedCornerLabelView.swift */; };
		D98569F3275E346D007E517A /* Workout.swift in Sources */ = {isa = PBXBuildFile; fileRef = D98569F2275E346D007E517A /* Workout.swift */; };
		D98569F7275F717B007E517A /* WorkoutManager.swift in Sources */ = {isa = PBXBuildFile; fileRef = D98569F6275F717B007E517A /* WorkoutManager.swift */; };
		D98569FE2760ADC0007E517A /* WorkoutTableViewCell.swift in Sources */ = {isa = PBXBuildFile; fileRef = D98569FC2760ADC0007E517A /* WorkoutTableViewCell.swift */; };
		D98569FF2760ADC0007E517A /* WorkoutTableViewCell.xib in Resources */ = {isa = PBXBuildFile; fileRef = D98569FD2760ADC0007E517A /* WorkoutTableViewCell.xib */; };
		D9856A0C27BA4E69007E517A /* CalendarView.swift in Sources */ = {isa = PBXBuildFile; fileRef = D9856A0B27BA4E69007E517A /* CalendarView.swift */; };
		D9856A1527C0CBC2007E517A /* CalendarDateCollectionViewCell.swift in Sources */ = {isa = PBXBuildFile; fileRef = D9856A1327C0CBC2007E517A /* CalendarDateCollectionViewCell.swift */; };
		D9856A1627C0CBC2007E517A /* CalendarDateCollectionViewCell.xib in Resources */ = {isa = PBXBuildFile; fileRef = D9856A1427C0CBC2007E517A /* CalendarDateCollectionViewCell.xib */; };
		D9958718286153250093E024 /* RoutineManager.swift in Sources */ = {isa = PBXBuildFile; fileRef = D9958717286153250093E024 /* RoutineManager.swift */; };
		D995871C286571BD0093E024 /* Weekday.swift in Sources */ = {isa = PBXBuildFile; fileRef = D995871B286571BD0093E024 /* Weekday.swift */; };
		D995871E286D523A0093E024 /* Extensions.swift in Sources */ = {isa = PBXBuildFile; fileRef = D995871D286D523A0093E024 /* Extensions.swift */; };
		D9958720286D6D760093E024 /* WeekdaysView.swift in Sources */ = {isa = PBXBuildFile; fileRef = D995871F286D6D760093E024 /* WeekdaysView.swift */; };
		D9958722287CFFFD0093E024 /* SetConfiguration.swift in Sources */ = {isa = PBXBuildFile; fileRef = D9958721287CFFFD0093E024 /* SetConfiguration.swift */; };
		D9958724287E54E40093E024 /* PlannedWorkout.swift in Sources */ = {isa = PBXBuildFile; fileRef = D9958723287E54E40093E024 /* PlannedWorkout.swift */; };
		D995872828894F500093E024 /* WorkoutStatus.swift in Sources */ = {isa = PBXBuildFile; fileRef = D995872728894F500093E024 /* WorkoutStatus.swift */; };
		D9A433EA2976EA750017C07F /* SplashViewController.swift in Sources */ = {isa = PBXBuildFile; fileRef = D9A433E92976EA750017C07F /* SplashViewController.swift */; };
		D9D055E62923760100DC428E /* Launch.storyboard in Resources */ = {isa = PBXBuildFile; fileRef = D9D055E52923760100DC428E /* Launch.storyboard */; };
		D9D44E45290692A00035B8D0 /* BodySectionCollectionViewCell.swift in Sources */ = {isa = PBXBuildFile; fileRef = D9D44E43290692A00035B8D0 /* BodySectionCollectionViewCell.swift */; };
		D9D44E46290692A00035B8D0 /* BodySectionCollectionViewCell.xib in Resources */ = {isa = PBXBuildFile; fileRef = D9D44E44290692A00035B8D0 /* BodySectionCollectionViewCell.xib */; };
		D9D44E482907C1010035B8D0 /* WorkoutInformationViewController.swift in Sources */ = {isa = PBXBuildFile; fileRef = D9D44E472907C1010035B8D0 /* WorkoutInformationViewController.swift */; };
		D9D44E4A2910F9540035B8D0 /* PaddingLabel.swift in Sources */ = {isa = PBXBuildFile; fileRef = D9D44E492910F9540035B8D0 /* PaddingLabel.swift */; };
		D9D44E4C2911F2FE0035B8D0 /* BodySectionCollectionView.swift in Sources */ = {isa = PBXBuildFile; fileRef = D9D44E4B2911F2FE0035B8D0 /* BodySectionCollectionView.swift */; };
		D9DA404F2934A04F00DBBEDD /* Pretendard-Thin.otf in Resources */ = {isa = PBXBuildFile; fileRef = D9DA40472934A04E00DBBEDD /* Pretendard-Thin.otf */; };
		D9DA40502934A04F00DBBEDD /* Pretendard-Medium.otf in Resources */ = {isa = PBXBuildFile; fileRef = D9DA40482934A04E00DBBEDD /* Pretendard-Medium.otf */; };
		D9DA40512934A04F00DBBEDD /* Pretendard-ExtraLight.otf in Resources */ = {isa = PBXBuildFile; fileRef = D9DA40492934A04E00DBBEDD /* Pretendard-ExtraLight.otf */; };
		D9DA40522934A04F00DBBEDD /* Pretendard-Regular.otf in Resources */ = {isa = PBXBuildFile; fileRef = D9DA404A2934A04E00DBBEDD /* Pretendard-Regular.otf */; };
		D9DA40532934A04F00DBBEDD /* Pretendard-SemiBold.otf in Resources */ = {isa = PBXBuildFile; fileRef = D9DA404B2934A04E00DBBEDD /* Pretendard-SemiBold.otf */; };
		D9DA40542934A04F00DBBEDD /* Pretendard-Light.otf in Resources */ = {isa = PBXBuildFile; fileRef = D9DA404C2934A04F00DBBEDD /* Pretendard-Light.otf */; };
		D9DA40552934A04F00DBBEDD /* Pretendard-Bold.otf in Resources */ = {isa = PBXBuildFile; fileRef = D9DA404D2934A04F00DBBEDD /* Pretendard-Bold.otf */; };
		D9DA40562934A04F00DBBEDD /* Pretendard-ExtraBold.otf in Resources */ = {isa = PBXBuildFile; fileRef = D9DA404E2934A04F00DBBEDD /* Pretendard-ExtraBold.otf */; };
		D9DA405A293707DA00DBBEDD /* InfoPlist.strings in Resources */ = {isa = PBXBuildFile; fileRef = D9DA405C293707DA00DBBEDD /* InfoPlist.strings */; };
		D9E09625291DF74C00AE710F /* SignInViewController.swift in Sources */ = {isa = PBXBuildFile; fileRef = D9E09624291DF74C00AE710F /* SignInViewController.swift */; };
		D9E096292922AEBA00AE710F /* AuthenticationManager.swift in Sources */ = {isa = PBXBuildFile; fileRef = D9E096282922AEBA00AE710F /* AuthenticationManager.swift */; };
		D9E67B78296D299400B704DB /* PreviousRecordViewController.swift in Sources */ = {isa = PBXBuildFile; fileRef = D9E67B77296D299400B704DB /* PreviousRecordViewController.swift */; };
		D9E67B7B296DAA8B00B704DB /* RecordTableViewCell.swift in Sources */ = {isa = PBXBuildFile; fileRef = D9E67B79296DAA8B00B704DB /* RecordTableViewCell.swift */; };
		D9E67B7C296DAA8B00B704DB /* RecordTableViewCell.xib in Resources */ = {isa = PBXBuildFile; fileRef = D9E67B7A296DAA8B00B704DB /* RecordTableViewCell.xib */; };
		D9E6ABF82971541F002FB36C /* WorkoutListTableView.swift in Sources */ = {isa = PBXBuildFile; fileRef = D9E6ABF72971541F002FB36C /* WorkoutListTableView.swift */; };
		D9E6ABFA29715CCF002FB36C /* WorkoutListDataSource.swift in Sources */ = {isa = PBXBuildFile; fileRef = D9E6ABF929715CCF002FB36C /* WorkoutListDataSource.swift */; };
		D9E6ABFC2971910B002FB36C /* CustomDelegates.swift in Sources */ = {isa = PBXBuildFile; fileRef = D9E6ABFB2971910B002FB36C /* CustomDelegates.swift */; };
		D9E6BB8A2988CE14008A7078 /* APIKey.swift in Sources */ = {isa = PBXBuildFile; fileRef = D9E6BB892988CE14008A7078 /* APIKey.swift */; };
		D9E6BB8C2988CE1F008A7078 /* GoogleService-Info.plist in Resources */ = {isa = PBXBuildFile; fileRef = D9E6BB8B2988CE1F008A7078 /* GoogleService-Info.plist */; };
		EE575D4D97BB050E426D8EB0 /* Pods_pitapatpumping_WorkoutUITests.framework in Frameworks */ = {isa = PBXBuildFile; fileRef = 2BB4E53EA4C8D05237FAD064 /* Pods_pitapatpumping_WorkoutUITests.framework */; };
/* End PBXBuildFile section */

/* Begin PBXContainerItemProxy section */
		D98569C3274CBAFE007E517A /* PBXContainerItemProxy */ = {
			isa = PBXContainerItemProxy;
			containerPortal = D98569A4274CBAFA007E517A /* Project object */;
			proxyType = 1;
			remoteGlobalIDString = D98569AB274CBAFB007E517A;
			remoteInfo = Workout;
		};
		D98569CE274CBAFE007E517A /* PBXContainerItemProxy */ = {
			isa = PBXContainerItemProxy;
			containerPortal = D98569A4274CBAFA007E517A /* Project object */;
			proxyType = 1;
			remoteGlobalIDString = D98569AB274CBAFB007E517A;
			remoteInfo = Workout;
		};
/* End PBXContainerItemProxy section */

/* Begin PBXFileReference section */
		195AD487084B2A18F445E504 /* Pods-WorkoutTests.debug.xcconfig */ = {isa = PBXFileReference; includeInIndex = 1; lastKnownFileType = text.xcconfig; name = "Pods-WorkoutTests.debug.xcconfig"; path = "Target Support Files/Pods-WorkoutTests/Pods-WorkoutTests.debug.xcconfig"; sourceTree = "<group>"; };
		28FBC676A78D9C4109E296B4 /* Pods-Workout-WorkoutUITests.debug.xcconfig */ = {isa = PBXFileReference; includeInIndex = 1; lastKnownFileType = text.xcconfig; name = "Pods-Workout-WorkoutUITests.debug.xcconfig"; path = "Target Support Files/Pods-Workout-WorkoutUITests/Pods-Workout-WorkoutUITests.debug.xcconfig"; sourceTree = "<group>"; };
		2BB4E53EA4C8D05237FAD064 /* Pods_pitapatpumping_WorkoutUITests.framework */ = {isa = PBXFileReference; explicitFileType = wrapper.framework; includeInIndex = 0; path = Pods_pitapatpumping_WorkoutUITests.framework; sourceTree = BUILT_PRODUCTS_DIR; };
		36DDA0439480B8DA1CCD1285 /* Pods-Workout-WorkoutUITests.release.xcconfig */ = {isa = PBXFileReference; includeInIndex = 1; lastKnownFileType = text.xcconfig; name = "Pods-Workout-WorkoutUITests.release.xcconfig"; path = "Target Support Files/Pods-Workout-WorkoutUITests/Pods-Workout-WorkoutUITests.release.xcconfig"; sourceTree = "<group>"; };
		44175829BDCB2F78024D63CB /* Pods-WorkoutTests.release.xcconfig */ = {isa = PBXFileReference; includeInIndex = 1; lastKnownFileType = text.xcconfig; name = "Pods-WorkoutTests.release.xcconfig"; path = "Target Support Files/Pods-WorkoutTests/Pods-WorkoutTests.release.xcconfig"; sourceTree = "<group>"; };
		606BDC636E4F4677F3CB7C8C /* Pods_pitapatpumping.framework */ = {isa = PBXFileReference; explicitFileType = wrapper.framework; includeInIndex = 0; path = Pods_pitapatpumping.framework; sourceTree = BUILT_PRODUCTS_DIR; };
		6D23815EE0A2FAE3175EE515 /* Pods-pitapatpumping.release.xcconfig */ = {isa = PBXFileReference; includeInIndex = 1; lastKnownFileType = text.xcconfig; name = "Pods-pitapatpumping.release.xcconfig"; path = "Target Support Files/Pods-pitapatpumping/Pods-pitapatpumping.release.xcconfig"; sourceTree = "<group>"; };
		716D27FF6252353CBEF5E562 /* Pods-pitapatpumping.debug.xcconfig */ = {isa = PBXFileReference; includeInIndex = 1; lastKnownFileType = text.xcconfig; name = "Pods-pitapatpumping.debug.xcconfig"; path = "Target Support Files/Pods-pitapatpumping/Pods-pitapatpumping.debug.xcconfig"; sourceTree = "<group>"; };
		9C91FA5CF04E0FEEAEACA381 /* Pods_WorkoutTests.framework */ = {isa = PBXFileReference; explicitFileType = wrapper.framework; includeInIndex = 0; path = Pods_WorkoutTests.framework; sourceTree = BUILT_PRODUCTS_DIR; };
		D40D05157B3AE132BAA72A01 /* Pods-pitapatpumping-WorkoutUITests.release.xcconfig */ = {isa = PBXFileReference; includeInIndex = 1; lastKnownFileType = text.xcconfig; name = "Pods-pitapatpumping-WorkoutUITests.release.xcconfig"; path = "Target Support Files/Pods-pitapatpumping-WorkoutUITests/Pods-pitapatpumping-WorkoutUITests.release.xcconfig"; sourceTree = "<group>"; };
		D90B7DFD294A1C760003B3CA /* WorkoutNetworkConnecter.swift */ = {isa = PBXFileReference; lastKnownFileType = sourcecode.swift; path = WorkoutNetworkConnecter.swift; sourceTree = "<group>"; };
		D90B7DFF294A1DC70003B3CA /* RoutineNetworkConnecter.swift */ = {isa = PBXFileReference; lastKnownFileType = sourcecode.swift; path = RoutineNetworkConnecter.swift; sourceTree = "<group>"; };
		D9107C5527F030B800FABD37 /* DateInformation.swift */ = {isa = PBXFileReference; lastKnownFileType = sourcecode.swift; path = DateInformation.swift; sourceTree = "<group>"; };
		D9107C572810045200FABD37 /* WorkoutSelectionViewController.swift */ = {isa = PBXFileReference; lastKnownFileType = sourcecode.swift; path = WorkoutSelectionViewController.swift; sourceTree = "<group>"; };
		D9107C5B282CEC6600FABD37 /* WorkoutPlanCardTableViewCell.swift */ = {isa = PBXFileReference; lastKnownFileType = sourcecode.swift; path = WorkoutPlanCardTableViewCell.swift; sourceTree = "<group>"; };
		D9107C5C282CEC6600FABD37 /* WorkoutPlanCardTableViewCell.xib */ = {isa = PBXFileReference; lastKnownFileType = file.xib; path = WorkoutPlanCardTableViewCell.xib; sourceTree = "<group>"; };
		D9107C5F282E593C00FABD37 /* MonthlyPageCollectionView.swift */ = {isa = PBXFileReference; lastKnownFileType = sourcecode.swift; path = MonthlyPageCollectionView.swift; sourceTree = "<group>"; };
		D9107C612833741800FABD37 /* RoutineTableView.swift */ = {isa = PBXFileReference; lastKnownFileType = sourcecode.swift; path = RoutineTableView.swift; sourceTree = "<group>"; };
		D9107C632836151300FABD37 /* WorkoutSetConfigurationView.swift */ = {isa = PBXFileReference; lastKnownFileType = sourcecode.swift; path = WorkoutSetConfigurationView.swift; sourceTree = "<group>"; };
		D926672E27D1016F00A30366 /* MonthlyInformation.swift */ = {isa = PBXFileReference; lastKnownFileType = sourcecode.swift; path = MonthlyInformation.swift; sourceTree = "<group>"; };
		D92D2411292B0BC400031670 /* SettingViewController.swift */ = {isa = PBXFileReference; lastKnownFileType = sourcecode.swift; path = SettingViewController.swift; sourceTree = "<group>"; };
		D92D2415292B14D400031670 /* SettingTableViewCell.swift */ = {isa = PBXFileReference; lastKnownFileType = sourcecode.swift; path = SettingTableViewCell.swift; sourceTree = "<group>"; };
		D92D2416292B14D400031670 /* SettingTableViewCell.xib */ = {isa = PBXFileReference; lastKnownFileType = file.xib; path = SettingTableViewCell.xib; sourceTree = "<group>"; };
		D92D2419292CB67F00031670 /* SettingMenu.swift */ = {isa = PBXFileReference; lastKnownFileType = sourcecode.swift; path = SettingMenu.swift; sourceTree = "<group>"; };
		D92D241B292E444A00031670 /* NetworkConfirmViewController.swift */ = {isa = PBXFileReference; lastKnownFileType = sourcecode.swift; path = NetworkConfirmViewController.swift; sourceTree = "<group>"; };
		D961A0532953422D00494B85 /* NetworkServiceInformation.swift */ = {isa = PBXFileReference; lastKnownFileType = sourcecode.swift; path = NetworkServiceInformation.swift; sourceTree = "<group>"; };
		D98569AC274CBAFB007E517A /* pitapatpumping.app */ = {isa = PBXFileReference; explicitFileType = wrapper.application; includeInIndex = 0; path = pitapatpumping.app; sourceTree = BUILT_PRODUCTS_DIR; };
		D98569AF274CBAFB007E517A /* AppDelegate.swift */ = {isa = PBXFileReference; lastKnownFileType = sourcecode.swift; path = AppDelegate.swift; sourceTree = "<group>"; };
		D98569B3274CBAFB007E517A /* HomeViewController.swift */ = {isa = PBXFileReference; lastKnownFileType = sourcecode.swift; path = HomeViewController.swift; sourceTree = "<group>"; };
		D98569B8274CBAFE007E517A /* Assets.xcassets */ = {isa = PBXFileReference; lastKnownFileType = folder.assetcatalog; path = Assets.xcassets; sourceTree = "<group>"; };
		D98569C2274CBAFE007E517A /* WorkoutTests.xctest */ = {isa = PBXFileReference; explicitFileType = wrapper.cfbundle; includeInIndex = 0; path = WorkoutTests.xctest; sourceTree = BUILT_PRODUCTS_DIR; };
		D98569C6274CBAFE007E517A /* WorkoutTests.swift */ = {isa = PBXFileReference; lastKnownFileType = sourcecode.swift; path = WorkoutTests.swift; sourceTree = "<group>"; };
		D98569C8274CBAFE007E517A /* Info.plist */ = {isa = PBXFileReference; lastKnownFileType = text.plist.xml; path = Info.plist; sourceTree = "<group>"; };
		D98569CD274CBAFE007E517A /* WorkoutUITests.xctest */ = {isa = PBXFileReference; explicitFileType = wrapper.cfbundle; includeInIndex = 0; path = WorkoutUITests.xctest; sourceTree = BUILT_PRODUCTS_DIR; };
		D98569D1274CBAFE007E517A /* WorkoutUITests.swift */ = {isa = PBXFileReference; lastKnownFileType = sourcecode.swift; path = WorkoutUITests.swift; sourceTree = "<group>"; };
		D98569D3274CBAFE007E517A /* Info.plist */ = {isa = PBXFileReference; lastKnownFileType = text.plist.xml; path = Info.plist; sourceTree = "<group>"; };
		D98569E1274CD162007E517A /* BaseTabBarController.swift */ = {isa = PBXFileReference; lastKnownFileType = sourcecode.swift; path = BaseTabBarController.swift; sourceTree = "<group>"; };
		D98569E3274D0299007E517A /* WorkoutListViewController.swift */ = {isa = PBXFileReference; lastKnownFileType = sourcecode.swift; path = WorkoutListViewController.swift; sourceTree = "<group>"; };
		D98569E7274D2A3D007E517A /* TabBarMenu.swift */ = {isa = PBXFileReference; lastKnownFileType = sourcecode.swift; path = TabBarMenu.swift; sourceTree = "<group>"; };
		D98569EC2758A1D7007E517A /* WorkoutSettingView.swift */ = {isa = PBXFileReference; lastKnownFileType = sourcecode.swift; path = WorkoutSettingView.swift; sourceTree = "<group>"; };
		D98569EE2758F669007E517A /* RoundedCornerLabelView.swift */ = {isa = PBXFileReference; lastKnownFileType = sourcecode.swift; path = RoundedCornerLabelView.swift; sourceTree = "<group>"; };
		D98569F2275E346D007E517A /* Workout.swift */ = {isa = PBXFileReference; lastKnownFileType = sourcecode.swift; path = Workout.swift; sourceTree = "<group>"; };
		D98569F6275F717B007E517A /* WorkoutManager.swift */ = {isa = PBXFileReference; lastKnownFileType = sourcecode.swift; path = WorkoutManager.swift; sourceTree = "<group>"; };
		D98569FC2760ADC0007E517A /* WorkoutTableViewCell.swift */ = {isa = PBXFileReference; lastKnownFileType = sourcecode.swift; path = WorkoutTableViewCell.swift; sourceTree = "<group>"; };
		D98569FD2760ADC0007E517A /* WorkoutTableViewCell.xib */ = {isa = PBXFileReference; lastKnownFileType = file.xib; path = WorkoutTableViewCell.xib; sourceTree = "<group>"; };
		D9856A0B27BA4E69007E517A /* CalendarView.swift */ = {isa = PBXFileReference; lastKnownFileType = sourcecode.swift; path = CalendarView.swift; sourceTree = "<group>"; };
		D9856A1327C0CBC2007E517A /* CalendarDateCollectionViewCell.swift */ = {isa = PBXFileReference; lastKnownFileType = sourcecode.swift; path = CalendarDateCollectionViewCell.swift; sourceTree = "<group>"; };
		D9856A1427C0CBC2007E517A /* CalendarDateCollectionViewCell.xib */ = {isa = PBXFileReference; lastKnownFileType = file.xib; path = CalendarDateCollectionViewCell.xib; sourceTree = "<group>"; };
		D9958717286153250093E024 /* RoutineManager.swift */ = {isa = PBXFileReference; lastKnownFileType = sourcecode.swift; path = RoutineManager.swift; sourceTree = "<group>"; };
		D995871B286571BD0093E024 /* Weekday.swift */ = {isa = PBXFileReference; lastKnownFileType = sourcecode.swift; path = Weekday.swift; sourceTree = "<group>"; };
		D995871D286D523A0093E024 /* Extensions.swift */ = {isa = PBXFileReference; lastKnownFileType = sourcecode.swift; path = Extensions.swift; sourceTree = "<group>"; };
		D995871F286D6D760093E024 /* WeekdaysView.swift */ = {isa = PBXFileReference; lastKnownFileType = sourcecode.swift; path = WeekdaysView.swift; sourceTree = "<group>"; };
		D9958721287CFFFD0093E024 /* SetConfiguration.swift */ = {isa = PBXFileReference; lastKnownFileType = sourcecode.swift; path = SetConfiguration.swift; sourceTree = "<group>"; };
		D9958723287E54E40093E024 /* PlannedWorkout.swift */ = {isa = PBXFileReference; lastKnownFileType = sourcecode.swift; path = PlannedWorkout.swift; sourceTree = "<group>"; };
		D995872728894F500093E024 /* WorkoutStatus.swift */ = {isa = PBXFileReference; lastKnownFileType = sourcecode.swift; path = WorkoutStatus.swift; sourceTree = "<group>"; };
		D9A433E92976EA750017C07F /* SplashViewController.swift */ = {isa = PBXFileReference; lastKnownFileType = sourcecode.swift; path = SplashViewController.swift; sourceTree = "<group>"; };
		D9D055E52923760100DC428E /* Launch.storyboard */ = {isa = PBXFileReference; lastKnownFileType = file.storyboard; path = Launch.storyboard; sourceTree = "<group>"; };
		D9D44E43290692A00035B8D0 /* BodySectionCollectionViewCell.swift */ = {isa = PBXFileReference; lastKnownFileType = sourcecode.swift; path = BodySectionCollectionViewCell.swift; sourceTree = "<group>"; };
		D9D44E44290692A00035B8D0 /* BodySectionCollectionViewCell.xib */ = {isa = PBXFileReference; lastKnownFileType = file.xib; path = BodySectionCollectionViewCell.xib; sourceTree = "<group>"; };
		D9D44E472907C1010035B8D0 /* WorkoutInformationViewController.swift */ = {isa = PBXFileReference; lastKnownFileType = sourcecode.swift; path = WorkoutInformationViewController.swift; sourceTree = "<group>"; };
		D9D44E492910F9540035B8D0 /* PaddingLabel.swift */ = {isa = PBXFileReference; lastKnownFileType = sourcecode.swift; path = PaddingLabel.swift; sourceTree = "<group>"; };
		D9D44E4B2911F2FE0035B8D0 /* BodySectionCollectionView.swift */ = {isa = PBXFileReference; lastKnownFileType = sourcecode.swift; path = BodySectionCollectionView.swift; sourceTree = "<group>"; };
		D9DA40472934A04E00DBBEDD /* Pretendard-Thin.otf */ = {isa = PBXFileReference; lastKnownFileType = file; path = "Pretendard-Thin.otf"; sourceTree = "<group>"; };
		D9DA40482934A04E00DBBEDD /* Pretendard-Medium.otf */ = {isa = PBXFileReference; lastKnownFileType = file; path = "Pretendard-Medium.otf"; sourceTree = "<group>"; };
		D9DA40492934A04E00DBBEDD /* Pretendard-ExtraLight.otf */ = {isa = PBXFileReference; lastKnownFileType = file; path = "Pretendard-ExtraLight.otf"; sourceTree = "<group>"; };
		D9DA404A2934A04E00DBBEDD /* Pretendard-Regular.otf */ = {isa = PBXFileReference; lastKnownFileType = file; path = "Pretendard-Regular.otf"; sourceTree = "<group>"; };
		D9DA404B2934A04E00DBBEDD /* Pretendard-SemiBold.otf */ = {isa = PBXFileReference; lastKnownFileType = file; path = "Pretendard-SemiBold.otf"; sourceTree = "<group>"; };
		D9DA404C2934A04F00DBBEDD /* Pretendard-Light.otf */ = {isa = PBXFileReference; lastKnownFileType = file; path = "Pretendard-Light.otf"; sourceTree = "<group>"; };
		D9DA404D2934A04F00DBBEDD /* Pretendard-Bold.otf */ = {isa = PBXFileReference; lastKnownFileType = file; path = "Pretendard-Bold.otf"; sourceTree = "<group>"; };
		D9DA404E2934A04F00DBBEDD /* Pretendard-ExtraBold.otf */ = {isa = PBXFileReference; lastKnownFileType = file; path = "Pretendard-ExtraBold.otf"; sourceTree = "<group>"; };
		D9DA405B293707DA00DBBEDD /* en */ = {isa = PBXFileReference; lastKnownFileType = text.plist.strings; name = en; path = en.lproj/InfoPlist.strings; sourceTree = "<group>"; };
		D9DA405D2937080000DBBEDD /* ko */ = {isa = PBXFileReference; lastKnownFileType = text.plist.strings; name = ko; path = ko.lproj/InfoPlist.strings; sourceTree = "<group>"; };
		D9E09621291DF53F00AE710F /* Workout.entitlements */ = {isa = PBXFileReference; lastKnownFileType = text.plist.entitlements; path = Workout.entitlements; sourceTree = "<group>"; };
		D9E09624291DF74C00AE710F /* SignInViewController.swift */ = {isa = PBXFileReference; lastKnownFileType = sourcecode.swift; path = SignInViewController.swift; sourceTree = "<group>"; };
		D9E096282922AEBA00AE710F /* AuthenticationManager.swift */ = {isa = PBXFileReference; lastKnownFileType = sourcecode.swift; path = AuthenticationManager.swift; sourceTree = "<group>"; };
		D9E67B77296D299400B704DB /* PreviousRecordViewController.swift */ = {isa = PBXFileReference; lastKnownFileType = sourcecode.swift; path = PreviousRecordViewController.swift; sourceTree = "<group>"; };
		D9E67B79296DAA8B00B704DB /* RecordTableViewCell.swift */ = {isa = PBXFileReference; lastKnownFileType = sourcecode.swift; path = RecordTableViewCell.swift; sourceTree = "<group>"; };
		D9E67B7A296DAA8B00B704DB /* RecordTableViewCell.xib */ = {isa = PBXFileReference; lastKnownFileType = file.xib; path = RecordTableViewCell.xib; sourceTree = "<group>"; };
		D9E6ABF72971541F002FB36C /* WorkoutListTableView.swift */ = {isa = PBXFileReference; lastKnownFileType = sourcecode.swift; path = WorkoutListTableView.swift; sourceTree = "<group>"; };
		D9E6ABF929715CCF002FB36C /* WorkoutListDataSource.swift */ = {isa = PBXFileReference; lastKnownFileType = sourcecode.swift; path = WorkoutListDataSource.swift; sourceTree = "<group>"; };
		D9E6ABFB2971910B002FB36C /* CustomDelegates.swift */ = {isa = PBXFileReference; lastKnownFileType = sourcecode.swift; path = CustomDelegates.swift; sourceTree = "<group>"; };
		D9E6BB892988CE14008A7078 /* APIKey.swift */ = {isa = PBXFileReference; fileEncoding = 4; lastKnownFileType = sourcecode.swift; path = APIKey.swift; sourceTree = "<group>"; };
		D9E6BB8B2988CE1F008A7078 /* GoogleService-Info.plist */ = {isa = PBXFileReference; fileEncoding = 4; lastKnownFileType = text.plist.xml; path = "GoogleService-Info.plist"; sourceTree = "<group>"; };
		D9E6BB8D2988CE2B008A7078 /* Info.plist */ = {isa = PBXFileReference; fileEncoding = 4; lastKnownFileType = text.plist.xml; path = Info.plist; sourceTree = "<group>"; };
		DFD51F9D1BBCD2B0AD3C9342 /* Pods-pitapatpumping-WorkoutUITests.debug.xcconfig */ = {isa = PBXFileReference; includeInIndex = 1; lastKnownFileType = text.xcconfig; name = "Pods-pitapatpumping-WorkoutUITests.debug.xcconfig"; path = "Target Support Files/Pods-pitapatpumping-WorkoutUITests/Pods-pitapatpumping-WorkoutUITests.debug.xcconfig"; sourceTree = "<group>"; };
		F99F031903C6C522AC1CD969 /* Pods-Workout.release.xcconfig */ = {isa = PBXFileReference; includeInIndex = 1; lastKnownFileType = text.xcconfig; name = "Pods-Workout.release.xcconfig"; path = "Target Support Files/Pods-Workout/Pods-Workout.release.xcconfig"; sourceTree = "<group>"; };
		FF5C8FD7B0C3E2936CFFA345 /* Pods-Workout.debug.xcconfig */ = {isa = PBXFileReference; includeInIndex = 1; lastKnownFileType = text.xcconfig; name = "Pods-Workout.debug.xcconfig"; path = "Target Support Files/Pods-Workout/Pods-Workout.debug.xcconfig"; sourceTree = "<group>"; };
/* End PBXFileReference section */

/* Begin PBXFrameworksBuildPhase section */
		D98569A9274CBAFB007E517A /* Frameworks */ = {
			isa = PBXFrameworksBuildPhase;
			buildActionMask = 2147483647;
			files = (
				53BCE476AE106799123ACBCB /* Pods_pitapatpumping.framework in Frameworks */,
			);
			runOnlyForDeploymentPostprocessing = 0;
		};
		D98569BF274CBAFE007E517A /* Frameworks */ = {
			isa = PBXFrameworksBuildPhase;
			buildActionMask = 2147483647;
			files = (
				4A6CEB5081AB1E5A2834EF3D /* Pods_WorkoutTests.framework in Frameworks */,
			);
			runOnlyForDeploymentPostprocessing = 0;
		};
		D98569CA274CBAFE007E517A /* Frameworks */ = {
			isa = PBXFrameworksBuildPhase;
			buildActionMask = 2147483647;
			files = (
				EE575D4D97BB050E426D8EB0 /* Pods_pitapatpumping_WorkoutUITests.framework in Frameworks */,
			);
			runOnlyForDeploymentPostprocessing = 0;
		};
/* End PBXFrameworksBuildPhase section */

/* Begin PBXGroup section */
		42054E04B8B9B68562AD03AA /* Pods */ = {
			isa = PBXGroup;
			children = (
				FF5C8FD7B0C3E2936CFFA345 /* Pods-Workout.debug.xcconfig */,
				F99F031903C6C522AC1CD969 /* Pods-Workout.release.xcconfig */,
				28FBC676A78D9C4109E296B4 /* Pods-Workout-WorkoutUITests.debug.xcconfig */,
				36DDA0439480B8DA1CCD1285 /* Pods-Workout-WorkoutUITests.release.xcconfig */,
				195AD487084B2A18F445E504 /* Pods-WorkoutTests.debug.xcconfig */,
				44175829BDCB2F78024D63CB /* Pods-WorkoutTests.release.xcconfig */,
				716D27FF6252353CBEF5E562 /* Pods-pitapatpumping.debug.xcconfig */,
				6D23815EE0A2FAE3175EE515 /* Pods-pitapatpumping.release.xcconfig */,
				DFD51F9D1BBCD2B0AD3C9342 /* Pods-pitapatpumping-WorkoutUITests.debug.xcconfig */,
				D40D05157B3AE132BAA72A01 /* Pods-pitapatpumping-WorkoutUITests.release.xcconfig */,
			);
			path = Pods;
			sourceTree = "<group>";
		};
		D98569A3274CBAFA007E517A = {
			isa = PBXGroup;
			children = (
				D98569AE274CBAFB007E517A /* Workout */,
				D98569C5274CBAFE007E517A /* WorkoutTests */,
				D98569D0274CBAFE007E517A /* WorkoutUITests */,
				D98569AD274CBAFB007E517A /* Products */,
				42054E04B8B9B68562AD03AA /* Pods */,
				EC923787E737CBCCCCCA25B7 /* Frameworks */,
			);
			sourceTree = "<group>";
		};
		D98569AD274CBAFB007E517A /* Products */ = {
			isa = PBXGroup;
			children = (
				D98569AC274CBAFB007E517A /* pitapatpumping.app */,
				D98569C2274CBAFE007E517A /* WorkoutTests.xctest */,
				D98569CD274CBAFE007E517A /* WorkoutUITests.xctest */,
			);
			name = Products;
			sourceTree = "<group>";
		};
		D98569AE274CBAFB007E517A /* Workout */ = {
			isa = PBXGroup;
			children = (
				D9E09621291DF53F00AE710F /* Workout.entitlements */,
				D98569F1275E345E007E517A /* Models */,
				D98569F02758F6E4007E517A /* Views */,
				D98569E5274D088A007E517A /* ViewControllers */,
				D9856A00278EA442007E517A /* CustomCells */,
				D98569E6274D08AF007E517A /* TabBarController */,
				D98569AF274CBAFB007E517A /* AppDelegate.swift */,
				D99CA713295DA056003D2BB5 /* SupportingFiles */,
			);
			path = Workout;
			sourceTree = "<group>";
		};
		D98569C5274CBAFE007E517A /* WorkoutTests */ = {
			isa = PBXGroup;
			children = (
				D98569C6274CBAFE007E517A /* WorkoutTests.swift */,
				D98569C8274CBAFE007E517A /* Info.plist */,
			);
			path = WorkoutTests;
			sourceTree = "<group>";
		};
		D98569D0274CBAFE007E517A /* WorkoutUITests */ = {
			isa = PBXGroup;
			children = (
				D98569D1274CBAFE007E517A /* WorkoutUITests.swift */,
				D98569D3274CBAFE007E517A /* Info.plist */,
			);
			path = WorkoutUITests;
			sourceTree = "<group>";
		};
		D98569E5274D088A007E517A /* ViewControllers */ = {
			isa = PBXGroup;
			children = (
				D98569B3274CBAFB007E517A /* HomeViewController.swift */,
				D98569E3274D0299007E517A /* WorkoutListViewController.swift */,
				D9107C572810045200FABD37 /* WorkoutSelectionViewController.swift */,
				D9E6ABF929715CCF002FB36C /* WorkoutListDataSource.swift */,
				D9D44E472907C1010035B8D0 /* WorkoutInformationViewController.swift */,
				D92D2411292B0BC400031670 /* SettingViewController.swift */,
				D9E09624291DF74C00AE710F /* SignInViewController.swift */,
				D92D241B292E444A00031670 /* NetworkConfirmViewController.swift */,
				D9E67B77296D299400B704DB /* PreviousRecordViewController.swift */,
				D9A433E92976EA750017C07F /* SplashViewController.swift */,
			);
			path = ViewControllers;
			sourceTree = "<group>";
		};
		D98569E6274D08AF007E517A /* TabBarController */ = {
			isa = PBXGroup;
			children = (
				D98569E1274CD162007E517A /* BaseTabBarController.swift */,
				D98569E7274D2A3D007E517A /* TabBarMenu.swift */,
			);
			path = TabBarController;
			sourceTree = "<group>";
		};
		D98569F02758F6E4007E517A /* Views */ = {
			isa = PBXGroup;
			children = (
				D9856A0127BA4711007E517A /* CustomCalendar */,
				D98569EC2758A1D7007E517A /* WorkoutSettingView.swift */,
				D98569EE2758F669007E517A /* RoundedCornerLabelView.swift */,
				D9107C632836151300FABD37 /* WorkoutSetConfigurationView.swift */,
				D9107C612833741800FABD37 /* RoutineTableView.swift */,
				D9D44E492910F9540035B8D0 /* PaddingLabel.swift */,
				D995871D286D523A0093E024 /* Extensions.swift */,
				D9D44E4B2911F2FE0035B8D0 /* BodySectionCollectionView.swift */,
				D9E6ABF72971541F002FB36C /* WorkoutListTableView.swift */,
			);
			path = Views;
			sourceTree = "<group>";
		};
		D98569F1275E345E007E517A /* Models */ = {
			isa = PBXGroup;
			children = (
				D9E6ABF429714489002FB36C /* Calendar */,
				D9E6ABF2297143F9002FB36C /* Workout */,
				D9E6ABF32971442F002FB36C /* NetworkService */,
				D98569F6275F717B007E517A /* WorkoutManager.swift */,
				D9958717286153250093E024 /* RoutineManager.swift */,
				D92D2419292CB67F00031670 /* SettingMenu.swift */,
				D9E6ABFB2971910B002FB36C /* CustomDelegates.swift */,
			);
			path = Models;
			sourceTree = "<group>";
		};
		D9856A00278EA442007E517A /* CustomCells */ = {
			isa = PBXGroup;
			children = (
				D98569FC2760ADC0007E517A /* WorkoutTableViewCell.swift */,
				D98569FD2760ADC0007E517A /* WorkoutTableViewCell.xib */,
				D9856A1327C0CBC2007E517A /* CalendarDateCollectionViewCell.swift */,
				D9856A1427C0CBC2007E517A /* CalendarDateCollectionViewCell.xib */,
				D9107C5B282CEC6600FABD37 /* WorkoutPlanCardTableViewCell.swift */,
				D9107C5C282CEC6600FABD37 /* WorkoutPlanCardTableViewCell.xib */,
				D9D44E43290692A00035B8D0 /* BodySectionCollectionViewCell.swift */,
				D9D44E44290692A00035B8D0 /* BodySectionCollectionViewCell.xib */,
				D92D2415292B14D400031670 /* SettingTableViewCell.swift */,
				D92D2416292B14D400031670 /* SettingTableViewCell.xib */,
				D9E67B79296DAA8B00B704DB /* RecordTableViewCell.swift */,
				D9E67B7A296DAA8B00B704DB /* RecordTableViewCell.xib */,
			);
			path = CustomCells;
			sourceTree = "<group>";
		};
		D9856A0127BA4711007E517A /* CustomCalendar */ = {
			isa = PBXGroup;
			children = (
				D9856A0B27BA4E69007E517A /* CalendarView.swift */,
				D995871F286D6D760093E024 /* WeekdaysView.swift */,
				D9107C5F282E593C00FABD37 /* MonthlyPageCollectionView.swift */,
			);
			path = CustomCalendar;
			sourceTree = "<group>";
		};
		D99CA713295DA056003D2BB5 /* SupportingFiles */ = {
			isa = PBXGroup;
			children = (
				D9E6BB8D2988CE2B008A7078 /* Info.plist */,
				D9E6BB892988CE14008A7078 /* APIKey.swift */,
				D9E6BB8B2988CE1F008A7078 /* GoogleService-Info.plist */,
				D9DA405C293707DA00DBBEDD /* InfoPlist.strings */,
				D9DA404629349FCA00DBBEDD /* Fonts */,
				D98569B8274CBAFE007E517A /* Assets.xcassets */,
				D9D055E52923760100DC428E /* Launch.storyboard */,
			);
			path = SupportingFiles;
			sourceTree = "<group>";
		};
		D9DA404629349FCA00DBBEDD /* Fonts */ = {
			isa = PBXGroup;
			children = (
				D9DA404D2934A04F00DBBEDD /* Pretendard-Bold.otf */,
				D9DA404E2934A04F00DBBEDD /* Pretendard-ExtraBold.otf */,
				D9DA40492934A04E00DBBEDD /* Pretendard-ExtraLight.otf */,
				D9DA404C2934A04F00DBBEDD /* Pretendard-Light.otf */,
				D9DA40482934A04E00DBBEDD /* Pretendard-Medium.otf */,
				D9DA404A2934A04E00DBBEDD /* Pretendard-Regular.otf */,
				D9DA404B2934A04E00DBBEDD /* Pretendard-SemiBold.otf */,
				D9DA40472934A04E00DBBEDD /* Pretendard-Thin.otf */,
			);
			path = Fonts;
			sourceTree = "<group>";
		};
		D9E6ABF2297143F9002FB36C /* Workout */ = {
			isa = PBXGroup;
			children = (
				D98569F2275E346D007E517A /* Workout.swift */,
				D9958723287E54E40093E024 /* PlannedWorkout.swift */,
				D9958721287CFFFD0093E024 /* SetConfiguration.swift */,
				D995872728894F500093E024 /* WorkoutStatus.swift */,
			);
			path = Workout;
			sourceTree = "<group>";
		};
		D9E6ABF32971442F002FB36C /* NetworkService */ = {
			isa = PBXGroup;
			children = (
				D9E096282922AEBA00AE710F /* AuthenticationManager.swift */,
				D961A0532953422D00494B85 /* NetworkServiceInformation.swift */,
				D90B7DFD294A1C760003B3CA /* WorkoutNetworkConnecter.swift */,
				D90B7DFF294A1DC70003B3CA /* RoutineNetworkConnecter.swift */,
			);
			path = NetworkService;
			sourceTree = "<group>";
		};
		D9E6ABF429714489002FB36C /* Calendar */ = {
			isa = PBXGroup;
			children = (
				D926672E27D1016F00A30366 /* MonthlyInformation.swift */,
				D9107C5527F030B800FABD37 /* DateInformation.swift */,
				D995871B286571BD0093E024 /* Weekday.swift */,
			);
			path = Calendar;
			sourceTree = "<group>";
		};
		EC923787E737CBCCCCCA25B7 /* Frameworks */ = {
			isa = PBXGroup;
			children = (
				9C91FA5CF04E0FEEAEACA381 /* Pods_WorkoutTests.framework */,
				606BDC636E4F4677F3CB7C8C /* Pods_pitapatpumping.framework */,
				2BB4E53EA4C8D05237FAD064 /* Pods_pitapatpumping_WorkoutUITests.framework */,
			);
			name = Frameworks;
			sourceTree = "<group>";
		};
/* End PBXGroup section */

/* Begin PBXNativeTarget section */
		D98569AB274CBAFB007E517A /* pitapatpumping */ = {
			isa = PBXNativeTarget;
			buildConfigurationList = D98569D6274CBAFE007E517A /* Build configuration list for PBXNativeTarget "pitapatpumping" */;
			buildPhases = (
				7BA5878775D23C74DF5447A9 /* [CP] Check Pods Manifest.lock */,
				D98569A8274CBAFB007E517A /* Sources */,
				D98569A9274CBAFB007E517A /* Frameworks */,
				D98569AA274CBAFB007E517A /* Resources */,
				ADF4667AA1806587DA73B503 /* [CP] Embed Pods Frameworks */,
			);
			buildRules = (
			);
			dependencies = (
			);
			name = pitapatpumping;
			productName = Workout;
			productReference = D98569AC274CBAFB007E517A /* pitapatpumping.app */;
			productType = "com.apple.product-type.application";
		};
		D98569C1274CBAFE007E517A /* WorkoutTests */ = {
			isa = PBXNativeTarget;
			buildConfigurationList = D98569D9274CBAFE007E517A /* Build configuration list for PBXNativeTarget "WorkoutTests" */;
			buildPhases = (
				3B510C170E661DD449E8619E /* [CP] Check Pods Manifest.lock */,
				D98569BE274CBAFE007E517A /* Sources */,
				D98569BF274CBAFE007E517A /* Frameworks */,
				D98569C0274CBAFE007E517A /* Resources */,
			);
			buildRules = (
			);
			dependencies = (
				D98569C4274CBAFE007E517A /* PBXTargetDependency */,
			);
			name = WorkoutTests;
			productName = WorkoutTests;
			productReference = D98569C2274CBAFE007E517A /* WorkoutTests.xctest */;
			productType = "com.apple.product-type.bundle.unit-test";
		};
		D98569CC274CBAFE007E517A /* WorkoutUITests */ = {
			isa = PBXNativeTarget;
			buildConfigurationList = D98569DC274CBAFE007E517A /* Build configuration list for PBXNativeTarget "WorkoutUITests" */;
			buildPhases = (
				C40A36662A58ABFAB80F97DE /* [CP] Check Pods Manifest.lock */,
				D98569C9274CBAFE007E517A /* Sources */,
				D98569CA274CBAFE007E517A /* Frameworks */,
				D98569CB274CBAFE007E517A /* Resources */,
				676FFADD5982362FFFC51304 /* [CP] Embed Pods Frameworks */,
			);
			buildRules = (
			);
			dependencies = (
				D98569CF274CBAFE007E517A /* PBXTargetDependency */,
			);
			name = WorkoutUITests;
			productName = WorkoutUITests;
			productReference = D98569CD274CBAFE007E517A /* WorkoutUITests.xctest */;
			productType = "com.apple.product-type.bundle.ui-testing";
		};
/* End PBXNativeTarget section */

/* Begin PBXProject section */
		D98569A4274CBAFA007E517A /* Project object */ = {
			isa = PBXProject;
			attributes = {
				LastSwiftUpdateCheck = 1250;
				LastUpgradeCheck = 1250;
				TargetAttributes = {
					D98569AB274CBAFB007E517A = {
						CreatedOnToolsVersion = 12.5.1;
					};
					D98569C1274CBAFE007E517A = {
						CreatedOnToolsVersion = 12.5.1;
						TestTargetID = D98569AB274CBAFB007E517A;
					};
					D98569CC274CBAFE007E517A = {
						CreatedOnToolsVersion = 12.5.1;
						TestTargetID = D98569AB274CBAFB007E517A;
					};
				};
			};
			buildConfigurationList = D98569A7274CBAFA007E517A /* Build configuration list for PBXProject "Workout" */;
			compatibilityVersion = "Xcode 9.3";
			developmentRegion = en;
			hasScannedForEncodings = 0;
			knownRegions = (
				en,
				Base,
				ko,
			);
			mainGroup = D98569A3274CBAFA007E517A;
			productRefGroup = D98569AD274CBAFB007E517A /* Products */;
			projectDirPath = "";
			projectRoot = "";
			targets = (
				D98569AB274CBAFB007E517A /* pitapatpumping */,
				D98569C1274CBAFE007E517A /* WorkoutTests */,
				D98569CC274CBAFE007E517A /* WorkoutUITests */,
			);
		};
/* End PBXProject section */

/* Begin PBXResourcesBuildPhase section */
		D98569AA274CBAFB007E517A /* Resources */ = {
			isa = PBXResourcesBuildPhase;
			buildActionMask = 2147483647;
			files = (
				D9856A1627C0CBC2007E517A /* CalendarDateCollectionViewCell.xib in Resources */,
				D9DA40552934A04F00DBBEDD /* Pretendard-Bold.otf in Resources */,
				D9DA40522934A04F00DBBEDD /* Pretendard-Regular.otf in Resources */,
				D9DA40502934A04F00DBBEDD /* Pretendard-Medium.otf in Resources */,
				D9DA40532934A04F00DBBEDD /* Pretendard-SemiBold.otf in Resources */,
				D9DA405A293707DA00DBBEDD /* InfoPlist.strings in Resources */,
				D9107C5E282CEC6600FABD37 /* WorkoutPlanCardTableViewCell.xib in Resources */,
				D92D2418292B14D400031670 /* SettingTableViewCell.xib in Resources */,
				D9DA404F2934A04F00DBBEDD /* Pretendard-Thin.otf in Resources */,
				D98569B9274CBAFE007E517A /* Assets.xcassets in Resources */,
				D9D44E46290692A00035B8D0 /* BodySectionCollectionViewCell.xib in Resources */,
				D9E6BB8C2988CE1F008A7078 /* GoogleService-Info.plist in Resources */,
				D9DA40562934A04F00DBBEDD /* Pretendard-ExtraBold.otf in Resources */,
				D98569FF2760ADC0007E517A /* WorkoutTableViewCell.xib in Resources */,
				D9E67B7C296DAA8B00B704DB /* RecordTableViewCell.xib in Resources */,
				D9DA40542934A04F00DBBEDD /* Pretendard-Light.otf in Resources */,
				D9D055E62923760100DC428E /* Launch.storyboard in Resources */,
				D9DA40512934A04F00DBBEDD /* Pretendard-ExtraLight.otf in Resources */,
			);
			runOnlyForDeploymentPostprocessing = 0;
		};
		D98569C0274CBAFE007E517A /* Resources */ = {
			isa = PBXResourcesBuildPhase;
			buildActionMask = 2147483647;
			files = (
			);
			runOnlyForDeploymentPostprocessing = 0;
		};
		D98569CB274CBAFE007E517A /* Resources */ = {
			isa = PBXResourcesBuildPhase;
			buildActionMask = 2147483647;
			files = (
			);
			runOnlyForDeploymentPostprocessing = 0;
		};
/* End PBXResourcesBuildPhase section */

/* Begin PBXShellScriptBuildPhase section */
		3B510C170E661DD449E8619E /* [CP] Check Pods Manifest.lock */ = {
			isa = PBXShellScriptBuildPhase;
			buildActionMask = 2147483647;
			files = (
			);
			inputFileListPaths = (
			);
			inputPaths = (
				"${PODS_PODFILE_DIR_PATH}/Podfile.lock",
				"${PODS_ROOT}/Manifest.lock",
			);
			name = "[CP] Check Pods Manifest.lock";
			outputFileListPaths = (
			);
			outputPaths = (
				"$(DERIVED_FILE_DIR)/Pods-WorkoutTests-checkManifestLockResult.txt",
			);
			runOnlyForDeploymentPostprocessing = 0;
			shellPath = /bin/sh;
			shellScript = "diff \"${PODS_PODFILE_DIR_PATH}/Podfile.lock\" \"${PODS_ROOT}/Manifest.lock\" > /dev/null\nif [ $? != 0 ] ; then\n    # print error to STDERR\n    echo \"error: The sandbox is not in sync with the Podfile.lock. Run 'pod install' or update your CocoaPods installation.\" >&2\n    exit 1\nfi\n# This output is used by Xcode 'outputs' to avoid re-running this script phase.\necho \"SUCCESS\" > \"${SCRIPT_OUTPUT_FILE_0}\"\n";
			showEnvVarsInLog = 0;
		};
		676FFADD5982362FFFC51304 /* [CP] Embed Pods Frameworks */ = {
			isa = PBXShellScriptBuildPhase;
			buildActionMask = 2147483647;
			files = (
			);
			inputFileListPaths = (
				"${PODS_ROOT}/Target Support Files/Pods-pitapatpumping-WorkoutUITests/Pods-pitapatpumping-WorkoutUITests-frameworks-${CONFIGURATION}-input-files.xcfilelist",
			);
			name = "[CP] Embed Pods Frameworks";
			outputFileListPaths = (
				"${PODS_ROOT}/Target Support Files/Pods-pitapatpumping-WorkoutUITests/Pods-pitapatpumping-WorkoutUITests-frameworks-${CONFIGURATION}-output-files.xcfilelist",
			);
			runOnlyForDeploymentPostprocessing = 0;
			shellPath = /bin/sh;
			shellScript = "\"${PODS_ROOT}/Target Support Files/Pods-pitapatpumping-WorkoutUITests/Pods-pitapatpumping-WorkoutUITests-frameworks.sh\"\n";
			showEnvVarsInLog = 0;
		};
		7BA5878775D23C74DF5447A9 /* [CP] Check Pods Manifest.lock */ = {
			isa = PBXShellScriptBuildPhase;
			buildActionMask = 2147483647;
			files = (
			);
			inputFileListPaths = (
			);
			inputPaths = (
				"${PODS_PODFILE_DIR_PATH}/Podfile.lock",
				"${PODS_ROOT}/Manifest.lock",
			);
			name = "[CP] Check Pods Manifest.lock";
			outputFileListPaths = (
			);
			outputPaths = (
				"$(DERIVED_FILE_DIR)/Pods-pitapatpumping-checkManifestLockResult.txt",
			);
			runOnlyForDeploymentPostprocessing = 0;
			shellPath = /bin/sh;
			shellScript = "diff \"${PODS_PODFILE_DIR_PATH}/Podfile.lock\" \"${PODS_ROOT}/Manifest.lock\" > /dev/null\nif [ $? != 0 ] ; then\n    # print error to STDERR\n    echo \"error: The sandbox is not in sync with the Podfile.lock. Run 'pod install' or update your CocoaPods installation.\" >&2\n    exit 1\nfi\n# This output is used by Xcode 'outputs' to avoid re-running this script phase.\necho \"SUCCESS\" > \"${SCRIPT_OUTPUT_FILE_0}\"\n";
			showEnvVarsInLog = 0;
		};
		ADF4667AA1806587DA73B503 /* [CP] Embed Pods Frameworks */ = {
			isa = PBXShellScriptBuildPhase;
			buildActionMask = 2147483647;
			files = (
			);
			inputFileListPaths = (
				"${PODS_ROOT}/Target Support Files/Pods-pitapatpumping/Pods-pitapatpumping-frameworks-${CONFIGURATION}-input-files.xcfilelist",
			);
			name = "[CP] Embed Pods Frameworks";
			outputFileListPaths = (
				"${PODS_ROOT}/Target Support Files/Pods-pitapatpumping/Pods-pitapatpumping-frameworks-${CONFIGURATION}-output-files.xcfilelist",
			);
			runOnlyForDeploymentPostprocessing = 0;
			shellPath = /bin/sh;
			shellScript = "\"${PODS_ROOT}/Target Support Files/Pods-pitapatpumping/Pods-pitapatpumping-frameworks.sh\"\n";
			showEnvVarsInLog = 0;
		};
		C40A36662A58ABFAB80F97DE /* [CP] Check Pods Manifest.lock */ = {
			isa = PBXShellScriptBuildPhase;
			buildActionMask = 2147483647;
			files = (
			);
			inputFileListPaths = (
			);
			inputPaths = (
				"${PODS_PODFILE_DIR_PATH}/Podfile.lock",
				"${PODS_ROOT}/Manifest.lock",
			);
			name = "[CP] Check Pods Manifest.lock";
			outputFileListPaths = (
			);
			outputPaths = (
				"$(DERIVED_FILE_DIR)/Pods-pitapatpumping-WorkoutUITests-checkManifestLockResult.txt",
			);
			runOnlyForDeploymentPostprocessing = 0;
			shellPath = /bin/sh;
			shellScript = "diff \"${PODS_PODFILE_DIR_PATH}/Podfile.lock\" \"${PODS_ROOT}/Manifest.lock\" > /dev/null\nif [ $? != 0 ] ; then\n    # print error to STDERR\n    echo \"error: The sandbox is not in sync with the Podfile.lock. Run 'pod install' or update your CocoaPods installation.\" >&2\n    exit 1\nfi\n# This output is used by Xcode 'outputs' to avoid re-running this script phase.\necho \"SUCCESS\" > \"${SCRIPT_OUTPUT_FILE_0}\"\n";
			showEnvVarsInLog = 0;
		};
/* End PBXShellScriptBuildPhase section */

/* Begin PBXSourcesBuildPhase section */
		D98569A8274CBAFB007E517A /* Sources */ = {
			isa = PBXSourcesBuildPhase;
			buildActionMask = 2147483647;
			files = (
				D9958718286153250093E024 /* RoutineManager.swift in Sources */,
				D9D44E482907C1010035B8D0 /* WorkoutInformationViewController.swift in Sources */,
				D9E6BB8A2988CE14008A7078 /* APIKey.swift in Sources */,
				D98569E2274CD162007E517A /* BaseTabBarController.swift in Sources */,
				D9856A1527C0CBC2007E517A /* CalendarDateCollectionViewCell.swift in Sources */,
				D9D44E4C2911F2FE0035B8D0 /* BodySectionCollectionView.swift in Sources */,
				D90B7DFE294A1C760003B3CA /* WorkoutNetworkConnecter.swift in Sources */,
				D92D2412292B0BC400031670 /* SettingViewController.swift in Sources */,
				D9D44E4A2910F9540035B8D0 /* PaddingLabel.swift in Sources */,
				D90B7E00294A1DC70003B3CA /* RoutineNetworkConnecter.swift in Sources */,
				D9107C582810045200FABD37 /* WorkoutSelectionViewController.swift in Sources */,
				D9E67B7B296DAA8B00B704DB /* RecordTableViewCell.swift in Sources */,
				D9107C5D282CEC6600FABD37 /* WorkoutPlanCardTableViewCell.swift in Sources */,
				D98569B4274CBAFB007E517A /* HomeViewController.swift in Sources */,
				D9107C622833741800FABD37 /* RoutineTableView.swift in Sources */,
				D98569B0274CBAFB007E517A /* AppDelegate.swift in Sources */,
				D9E09625291DF74C00AE710F /* SignInViewController.swift in Sources */,
				D98569F3275E346D007E517A /* Workout.swift in Sources */,
				D995872828894F500093E024 /* WorkoutStatus.swift in Sources */,
				D9856A0C27BA4E69007E517A /* CalendarView.swift in Sources */,
				D98569F7275F717B007E517A /* WorkoutManager.swift in Sources */,
				D9107C5627F030B800FABD37 /* DateInformation.swift in Sources */,
				D9E67B78296D299400B704DB /* PreviousRecordViewController.swift in Sources */,
				D9E6ABF82971541F002FB36C /* WorkoutListTableView.swift in Sources */,
				D9D44E45290692A00035B8D0 /* BodySectionCollectionViewCell.swift in Sources */,
				D92D241A292CB67F00031670 /* SettingMenu.swift in Sources */,
				D9958720286D6D760093E024 /* WeekdaysView.swift in Sources */,
				D995871C286571BD0093E024 /* Weekday.swift in Sources */,
				D98569E4274D0299007E517A /* WorkoutListViewController.swift in Sources */,
				D98569FE2760ADC0007E517A /* WorkoutTableViewCell.swift in Sources */,
				D9107C642836151300FABD37 /* WorkoutSetConfigurationView.swift in Sources */,
				D9107C60282E593C00FABD37 /* MonthlyPageCollectionView.swift in Sources */,
				D961A0542953422D00494B85 /* NetworkServiceInformation.swift in Sources */,
				D9E096292922AEBA00AE710F /* AuthenticationManager.swift in Sources */,
				D98569EF2758F669007E517A /* RoundedCornerLabelView.swift in Sources */,
				D92D241C292E444A00031670 /* NetworkConfirmViewController.swift in Sources */,
				D995871E286D523A0093E024 /* Extensions.swift in Sources */,
				D92D2417292B14D400031670 /* SettingTableViewCell.swift in Sources */,
				D98569E8274D2A3D007E517A /* TabBarMenu.swift in Sources */,
				D9958724287E54E40093E024 /* PlannedWorkout.swift in Sources */,
				D9A433EA2976EA750017C07F /* SplashViewController.swift in Sources */,
				D926672F27D1016F00A30366 /* MonthlyInformation.swift in Sources */,
				D9958722287CFFFD0093E024 /* SetConfiguration.swift in Sources */,
				D9E6ABFA29715CCF002FB36C /* WorkoutListDataSource.swift in Sources */,
				D9E6ABFC2971910B002FB36C /* CustomDelegates.swift in Sources */,
				D98569ED2758A1D7007E517A /* WorkoutSettingView.swift in Sources */,
			);
			runOnlyForDeploymentPostprocessing = 0;
		};
		D98569BE274CBAFE007E517A /* Sources */ = {
			isa = PBXSourcesBuildPhase;
			buildActionMask = 2147483647;
			files = (
				D98569C7274CBAFE007E517A /* WorkoutTests.swift in Sources */,
			);
			runOnlyForDeploymentPostprocessing = 0;
		};
		D98569C9274CBAFE007E517A /* Sources */ = {
			isa = PBXSourcesBuildPhase;
			buildActionMask = 2147483647;
			files = (
				D98569D2274CBAFE007E517A /* WorkoutUITests.swift in Sources */,
			);
			runOnlyForDeploymentPostprocessing = 0;
		};
/* End PBXSourcesBuildPhase section */

/* Begin PBXTargetDependency section */
		D98569C4274CBAFE007E517A /* PBXTargetDependency */ = {
			isa = PBXTargetDependency;
			target = D98569AB274CBAFB007E517A /* pitapatpumping */;
			targetProxy = D98569C3274CBAFE007E517A /* PBXContainerItemProxy */;
		};
		D98569CF274CBAFE007E517A /* PBXTargetDependency */ = {
			isa = PBXTargetDependency;
			target = D98569AB274CBAFB007E517A /* pitapatpumping */;
			targetProxy = D98569CE274CBAFE007E517A /* PBXContainerItemProxy */;
		};
/* End PBXTargetDependency section */

/* Begin PBXVariantGroup section */
		D9DA405C293707DA00DBBEDD /* InfoPlist.strings */ = {
			isa = PBXVariantGroup;
			children = (
				D9DA405B293707DA00DBBEDD /* en */,
				D9DA405D2937080000DBBEDD /* ko */,
			);
			name = InfoPlist.strings;
			sourceTree = "<group>";
		};
/* End PBXVariantGroup section */

/* Begin XCBuildConfiguration section */
		D98569D4274CBAFE007E517A /* Debug */ = {
			isa = XCBuildConfiguration;
			buildSettings = {
				ALWAYS_SEARCH_USER_PATHS = NO;
				CLANG_ANALYZER_LOCALIZABILITY_NONLOCALIZED = YES;
				CLANG_ANALYZER_NONNULL = YES;
				CLANG_ANALYZER_NUMBER_OBJECT_CONVERSION = YES_AGGRESSIVE;
				CLANG_CXX_LANGUAGE_STANDARD = "gnu++14";
				CLANG_CXX_LIBRARY = "libc++";
				CLANG_ENABLE_MODULES = YES;
				CLANG_ENABLE_OBJC_ARC = YES;
				CLANG_ENABLE_OBJC_WEAK = YES;
				CLANG_WARN_BLOCK_CAPTURE_AUTORELEASING = YES;
				CLANG_WARN_BOOL_CONVERSION = YES;
				CLANG_WARN_COMMA = YES;
				CLANG_WARN_CONSTANT_CONVERSION = YES;
				CLANG_WARN_DEPRECATED_OBJC_IMPLEMENTATIONS = YES;
				CLANG_WARN_DIRECT_OBJC_ISA_USAGE = YES_ERROR;
				CLANG_WARN_DOCUMENTATION_COMMENTS = YES;
				CLANG_WARN_EMPTY_BODY = YES;
				CLANG_WARN_ENUM_CONVERSION = YES;
				CLANG_WARN_INFINITE_RECURSION = YES;
				CLANG_WARN_INT_CONVERSION = YES;
				CLANG_WARN_NON_LITERAL_NULL_CONVERSION = YES;
				CLANG_WARN_OBJC_IMPLICIT_RETAIN_SELF = YES;
				CLANG_WARN_OBJC_LITERAL_CONVERSION = YES;
				CLANG_WARN_OBJC_ROOT_CLASS = YES_ERROR;
				CLANG_WARN_QUOTED_INCLUDE_IN_FRAMEWORK_HEADER = YES;
				CLANG_WARN_RANGE_LOOP_ANALYSIS = YES;
				CLANG_WARN_STRICT_PROTOTYPES = YES;
				CLANG_WARN_SUSPICIOUS_MOVE = YES;
				CLANG_WARN_UNGUARDED_AVAILABILITY = YES_AGGRESSIVE;
				CLANG_WARN_UNREACHABLE_CODE = YES;
				CLANG_WARN__DUPLICATE_METHOD_MATCH = YES;
				COPY_PHASE_STRIP = NO;
				DEBUG_INFORMATION_FORMAT = dwarf;
				ENABLE_BITCODE = NO;
				ENABLE_STRICT_OBJC_MSGSEND = YES;
				ENABLE_TESTABILITY = YES;
				GCC_C_LANGUAGE_STANDARD = gnu11;
				GCC_DYNAMIC_NO_PIC = NO;
				GCC_NO_COMMON_BLOCKS = YES;
				GCC_OPTIMIZATION_LEVEL = 0;
				GCC_PREPROCESSOR_DEFINITIONS = (
					"DEBUG=1",
					"$(inherited)",
				);
				GCC_WARN_64_TO_32_BIT_CONVERSION = YES;
				GCC_WARN_ABOUT_RETURN_TYPE = YES_ERROR;
				GCC_WARN_UNDECLARED_SELECTOR = YES;
				GCC_WARN_UNINITIALIZED_AUTOS = YES_AGGRESSIVE;
				GCC_WARN_UNUSED_FUNCTION = YES;
				GCC_WARN_UNUSED_VARIABLE = YES;
				INFOPLIST_FILE = /Users/innie/Desktop/myapp/Workout/Workout/Info.plist;
				IPHONEOS_DEPLOYMENT_TARGET = 13.0;
				MTL_ENABLE_DEBUG_INFO = INCLUDE_SOURCE;
				MTL_FAST_MATH = YES;
				ONLY_ACTIVE_ARCH = YES;
				SDKROOT = iphoneos;
				SWIFT_ACTIVE_COMPILATION_CONDITIONS = DEBUG;
				SWIFT_OPTIMIZATION_LEVEL = "-Onone";
			};
			name = Debug;
		};
		D98569D5274CBAFE007E517A /* Release */ = {
			isa = XCBuildConfiguration;
			buildSettings = {
				ALWAYS_SEARCH_USER_PATHS = NO;
				CLANG_ANALYZER_LOCALIZABILITY_NONLOCALIZED = YES;
				CLANG_ANALYZER_NONNULL = YES;
				CLANG_ANALYZER_NUMBER_OBJECT_CONVERSION = YES_AGGRESSIVE;
				CLANG_CXX_LANGUAGE_STANDARD = "gnu++14";
				CLANG_CXX_LIBRARY = "libc++";
				CLANG_ENABLE_MODULES = YES;
				CLANG_ENABLE_OBJC_ARC = YES;
				CLANG_ENABLE_OBJC_WEAK = YES;
				CLANG_WARN_BLOCK_CAPTURE_AUTORELEASING = YES;
				CLANG_WARN_BOOL_CONVERSION = YES;
				CLANG_WARN_COMMA = YES;
				CLANG_WARN_CONSTANT_CONVERSION = YES;
				CLANG_WARN_DEPRECATED_OBJC_IMPLEMENTATIONS = YES;
				CLANG_WARN_DIRECT_OBJC_ISA_USAGE = YES_ERROR;
				CLANG_WARN_DOCUMENTATION_COMMENTS = YES;
				CLANG_WARN_EMPTY_BODY = YES;
				CLANG_WARN_ENUM_CONVERSION = YES;
				CLANG_WARN_INFINITE_RECURSION = YES;
				CLANG_WARN_INT_CONVERSION = YES;
				CLANG_WARN_NON_LITERAL_NULL_CONVERSION = YES;
				CLANG_WARN_OBJC_IMPLICIT_RETAIN_SELF = YES;
				CLANG_WARN_OBJC_LITERAL_CONVERSION = YES;
				CLANG_WARN_OBJC_ROOT_CLASS = YES_ERROR;
				CLANG_WARN_QUOTED_INCLUDE_IN_FRAMEWORK_HEADER = YES;
				CLANG_WARN_RANGE_LOOP_ANALYSIS = YES;
				CLANG_WARN_STRICT_PROTOTYPES = YES;
				CLANG_WARN_SUSPICIOUS_MOVE = YES;
				CLANG_WARN_UNGUARDED_AVAILABILITY = YES_AGGRESSIVE;
				CLANG_WARN_UNREACHABLE_CODE = YES;
				CLANG_WARN__DUPLICATE_METHOD_MATCH = YES;
				COPY_PHASE_STRIP = NO;
				DEBUG_INFORMATION_FORMAT = "dwarf-with-dsym";
				ENABLE_BITCODE = NO;
				ENABLE_NS_ASSERTIONS = NO;
				ENABLE_STRICT_OBJC_MSGSEND = YES;
				GCC_C_LANGUAGE_STANDARD = gnu11;
				GCC_NO_COMMON_BLOCKS = YES;
				GCC_WARN_64_TO_32_BIT_CONVERSION = YES;
				GCC_WARN_ABOUT_RETURN_TYPE = YES_ERROR;
				GCC_WARN_UNDECLARED_SELECTOR = YES;
				GCC_WARN_UNINITIALIZED_AUTOS = YES_AGGRESSIVE;
				GCC_WARN_UNUSED_FUNCTION = YES;
				GCC_WARN_UNUSED_VARIABLE = YES;
				INFOPLIST_FILE = /Users/innie/Desktop/myapp/Workout/Workout/Info.plist;
				IPHONEOS_DEPLOYMENT_TARGET = 13.0;
				MTL_ENABLE_DEBUG_INFO = NO;
				MTL_FAST_MATH = YES;
				SDKROOT = iphoneos;
				SWIFT_COMPILATION_MODE = wholemodule;
				SWIFT_OPTIMIZATION_LEVEL = "-O";
				VALIDATE_PRODUCT = YES;
			};
			name = Release;
		};
		D98569D7274CBAFE007E517A /* Debug */ = {
			isa = XCBuildConfiguration;
			baseConfigurationReference = 716D27FF6252353CBEF5E562 /* Pods-pitapatpumping.debug.xcconfig */;
			buildSettings = {
				ASSETCATALOG_COMPILER_APPICON_NAME = AppIcon;
				ASSETCATALOG_COMPILER_GLOBAL_ACCENT_COLOR_NAME = AccentColor;
				CODE_SIGN_ENTITLEMENTS = Workout/Workout.entitlements;
				CODE_SIGN_STYLE = Automatic;
				CURRENT_PROJECT_VERSION = 1;
				DEVELOPMENT_TEAM = 5J284J6MNP;
				INFOPLIST_FILE = Workout/SupportingFiles/Info.plist;
				IPHONEOS_DEPLOYMENT_TARGET = 15.0;
				LD_RUNPATH_SEARCH_PATHS = (
					"$(inherited)",
					"@executable_path/Frameworks",
				);
				MARKETING_VERSION = 1.0.6;
				PRODUCT_BUNDLE_IDENTIFIER = com.innie.Workout;
				PRODUCT_NAME = "$(TARGET_NAME)";
				SWIFT_VERSION = 5.0;
				TARGETED_DEVICE_FAMILY = 1;
			};
			name = Debug;
		};
		D98569D8274CBAFE007E517A /* Release */ = {
			isa = XCBuildConfiguration;
			baseConfigurationReference = 6D23815EE0A2FAE3175EE515 /* Pods-pitapatpumping.release.xcconfig */;
			buildSettings = {
				ASSETCATALOG_COMPILER_APPICON_NAME = AppIcon;
				ASSETCATALOG_COMPILER_GLOBAL_ACCENT_COLOR_NAME = AccentColor;
				CODE_SIGN_ENTITLEMENTS = Workout/Workout.entitlements;
				CODE_SIGN_STYLE = Automatic;
				CURRENT_PROJECT_VERSION = 1;
				DEVELOPMENT_TEAM = 5J284J6MNP;
				INFOPLIST_FILE = Workout/SupportingFiles/Info.plist;
				IPHONEOS_DEPLOYMENT_TARGET = 15.0;
				LD_RUNPATH_SEARCH_PATHS = (
					"$(inherited)",
					"@executable_path/Frameworks",
				);
				MARKETING_VERSION = 1.0.6;
				PRODUCT_BUNDLE_IDENTIFIER = com.innie.Workout;
				PRODUCT_NAME = "$(TARGET_NAME)";
				SWIFT_VERSION = 5.0;
				TARGETED_DEVICE_FAMILY = 1;
			};
			name = Release;
		};
		D98569DA274CBAFE007E517A /* Debug */ = {
			isa = XCBuildConfiguration;
			baseConfigurationReference = 195AD487084B2A18F445E504 /* Pods-WorkoutTests.debug.xcconfig */;
			buildSettings = {
				ALWAYS_EMBED_SWIFT_STANDARD_LIBRARIES = YES;
				BUNDLE_LOADER = "$(TEST_HOST)";
				CODE_SIGN_STYLE = Automatic;
				DEVELOPMENT_TEAM = 5J284J6MNP;
				INFOPLIST_FILE = WorkoutTests/Info.plist;
				IPHONEOS_DEPLOYMENT_TARGET = 15.0;
				LD_RUNPATH_SEARCH_PATHS = (
					"$(inherited)",
					"@executable_path/Frameworks",
					"@loader_path/Frameworks",
				);
				PRODUCT_BUNDLE_IDENTIFIER = com.innie.WorkoutTests;
				PRODUCT_NAME = "$(TARGET_NAME)";
				SWIFT_VERSION = 5.0;
				TARGETED_DEVICE_FAMILY = "1,2";
				TEST_HOST = "$(BUILT_PRODUCTS_DIR)/Workout.app/Workout";
			};
			name = Debug;
		};
		D98569DB274CBAFE007E517A /* Release */ = {
			isa = XCBuildConfiguration;
			baseConfigurationReference = 44175829BDCB2F78024D63CB /* Pods-WorkoutTests.release.xcconfig */;
			buildSettings = {
				ALWAYS_EMBED_SWIFT_STANDARD_LIBRARIES = YES;
				BUNDLE_LOADER = "$(TEST_HOST)";
				CODE_SIGN_STYLE = Automatic;
				DEVELOPMENT_TEAM = 5J284J6MNP;
				INFOPLIST_FILE = WorkoutTests/Info.plist;
				IPHONEOS_DEPLOYMENT_TARGET = 15.0;
				LD_RUNPATH_SEARCH_PATHS = (
					"$(inherited)",
					"@executable_path/Frameworks",
					"@loader_path/Frameworks",
				);
				PRODUCT_BUNDLE_IDENTIFIER = com.innie.WorkoutTests;
				PRODUCT_NAME = "$(TARGET_NAME)";
				SWIFT_VERSION = 5.0;
				TARGETED_DEVICE_FAMILY = "1,2";
				TEST_HOST = "$(BUILT_PRODUCTS_DIR)/Workout.app/Workout";
			};
			name = Release;
		};
		D98569DD274CBAFE007E517A /* Debug */ = {
			isa = XCBuildConfiguration;
			baseConfigurationReference = DFD51F9D1BBCD2B0AD3C9342 /* Pods-pitapatpumping-WorkoutUITests.debug.xcconfig */;
			buildSettings = {
				ALWAYS_EMBED_SWIFT_STANDARD_LIBRARIES = YES;
				CODE_SIGN_STYLE = Automatic;
				DEVELOPMENT_TEAM = 5J284J6MNP;
				INFOPLIST_FILE = WorkoutUITests/Info.plist;
				LD_RUNPATH_SEARCH_PATHS = (
					"$(inherited)",
					"@executable_path/Frameworks",
					"@loader_path/Frameworks",
				);
				PRODUCT_BUNDLE_IDENTIFIER = com.innie.WorkoutUITests;
				PRODUCT_NAME = "$(TARGET_NAME)";
				SWIFT_VERSION = 5.0;
				TARGETED_DEVICE_FAMILY = "1,2";
				TEST_TARGET_NAME = Workout;
			};
			name = Debug;
		};
		D98569DE274CBAFE007E517A /* Release */ = {
			isa = XCBuildConfiguration;
			baseConfigurationReference = D40D05157B3AE132BAA72A01 /* Pods-pitapatpumping-WorkoutUITests.release.xcconfig */;
			buildSettings = {
				ALWAYS_EMBED_SWIFT_STANDARD_LIBRARIES = YES;
				CODE_SIGN_STYLE = Automatic;
				DEVELOPMENT_TEAM = 5J284J6MNP;
				INFOPLIST_FILE = WorkoutUITests/Info.plist;
				LD_RUNPATH_SEARCH_PATHS = (
					"$(inherited)",
					"@executable_path/Frameworks",
					"@loader_path/Frameworks",
				);
				PRODUCT_BUNDLE_IDENTIFIER = com.innie.WorkoutUITests;
				PRODUCT_NAME = "$(TARGET_NAME)";
				SWIFT_VERSION = 5.0;
				TARGETED_DEVICE_FAMILY = "1,2";
				TEST_TARGET_NAME = Workout;
			};
			name = Release;
		};
/* End XCBuildConfiguration section */

/* Begin XCConfigurationList section */
		D98569A7274CBAFA007E517A /* Build configuration list for PBXProject "Workout" */ = {
			isa = XCConfigurationList;
			buildConfigurations = (
				D98569D4274CBAFE007E517A /* Debug */,
				D98569D5274CBAFE007E517A /* Release */,
			);
			defaultConfigurationIsVisible = 0;
			defaultConfigurationName = Release;
		};
		D98569D6274CBAFE007E517A /* Build configuration list for PBXNativeTarget "pitapatpumping" */ = {
			isa = XCConfigurationList;
			buildConfigurations = (
				D98569D7274CBAFE007E517A /* Debug */,
				D98569D8274CBAFE007E517A /* Release */,
			);
			defaultConfigurationIsVisible = 0;
			defaultConfigurationName = Release;
		};
		D98569D9274CBAFE007E517A /* Build configuration list for PBXNativeTarget "WorkoutTests" */ = {
			isa = XCConfigurationList;
			buildConfigurations = (
				D98569DA274CBAFE007E517A /* Debug */,
				D98569DB274CBAFE007E517A /* Release */,
			);
			defaultConfigurationIsVisible = 0;
			defaultConfigurationName = Release;
		};
		D98569DC274CBAFE007E517A /* Build configuration list for PBXNativeTarget "WorkoutUITests" */ = {
			isa = XCConfigurationList;
			buildConfigurations = (
				D98569DD274CBAFE007E517A /* Debug */,
				D98569DE274CBAFE007E517A /* Release */,
			);
			defaultConfigurationIsVisible = 0;
			defaultConfigurationName = Release;
		};
/* End XCConfigurationList section */
	};
	rootObject = D98569A4274CBAFA007E517A /* Project object */;
}
